{
  "version": "2",
  "remote": {
    "https://deno.land/std@0.140.0/_util/assert.ts": "e94f2eb37cebd7f199952e242c77654e43333c1ac4c5c700e929ea3aa5489f74",
    "https://deno.land/std@0.140.0/flags/mod.ts": "019df8a63ed24df2d10be22e8983aa9253623e871228a2f8f328ff2d0404f7ef",
    "https://deno.land/std@0.181.0/_util/asserts.ts": "178dfc49a464aee693a7e285567b3d0b555dc805ff490505a8aae34f9cfb1462",
    "https://deno.land/std@0.181.0/async/deferred.ts": "42790112f36a75a57db4a96d33974a936deb7b04d25c6084a9fa8a49f135def8",
    "https://deno.land/std@0.181.0/async/delay.ts": "73aa04cec034c84fc748c7be49bb15cac3dd43a57174bfdb7a4aec22c248f0dd",
    "https://deno.land/std@0.181.0/bytes/concat.ts": "d26d6f3d7922e6d663dacfcd357563b7bf4a380ce5b9c2bbe0c8586662f25ce2",
    "https://deno.land/std@0.181.0/bytes/copy.ts": "939d89e302a9761dcf1d9c937c7711174ed74c59eef40a1e4569a05c9de88219",
    "https://deno.land/std@0.181.0/fmt/colors.ts": "d67e3cd9f472535241a8e410d33423980bec45047e343577554d3356e1f0ef4e",
    "https://deno.land/std@0.181.0/io/buf_reader.ts": "abeb92b18426f11d72b112518293a96aef2e6e55f80b84235e8971ac910affb5",
    "https://deno.land/std@0.181.0/io/buffer.ts": "17f4410eaaa60a8a85733e8891349a619eadfbbe42e2f319283ce2b8f29723ab",
    "https://deno.land/std@0.181.0/io/read_lines.ts": "c526c12a20a9386dc910d500f9cdea43cba974e853397790bd146817a7eef8cc",
    "https://deno.land/std@0.181.0/streams/_common.ts": "f45cba84f0d813de3326466095539602364a9ba521f804cc758f7a475cda692d",
    "https://deno.land/std@0.181.0/streams/copy.ts": "75cbc795ff89291df22ddca5252de88b2e16d40c85d02840593386a8a1454f71",
    "https://deno.land/std@0.181.0/streams/iterate_reader.ts": "bbec1d45c2df2c0c5920bad0549351446fdc8e0886d99e95959b259dbcdb6072",
    "https://deno.land/std@0.181.0/streams/read_all.ts": "ee319772fb0fd28302f97343cc48dfcf948f154fd0d755d8efe65814b70533be",
    "https://deno.land/std@0.181.0/streams/reader_from_stream_reader.ts": "fa4971e5615a010e49492c5d1688ca1a4d17472a41e98b498ab89a64ebd7ac73",
    "https://deno.land/std@0.181.0/streams/write_all.ts": "aec90152978581ea62d56bb53a5cbf487e6a89c902f87c5969681ffbdf32b998",
    "https://deno.land/std@0.181.0/testing/_diff.ts": "1a3c044aedf77647d6cac86b798c6417603361b66b54c53331b312caeb447aea",
    "https://deno.land/std@0.181.0/testing/_format.ts": "a69126e8a469009adf4cf2a50af889aca364c349797e63174884a52ff75cf4c7",
    "https://deno.land/std@0.181.0/testing/asserts.ts": "e16d98b4d73ffc4ed498d717307a12500ae4f2cbe668f1a215632d19fcffc22f",
    "https://deno.land/std@0.181.0/types.d.ts": "dbaeb2c4d7c526db9828fc8df89d8aecf53b9ced72e0c4568f97ddd8cda616a4",
    "https://deno.land/x/k8s@1.26.4/deps.ts": "ec436fc19814f7f11079fea36dba78493d6b23f181f46c97c079aa611ed58eb9",
    "https://deno.land/x/k8s@1.26.4/index.ts": "c9f3946a87a1a2e321a408f17d3567d8ec360f9d00bc2da3b04e9afa3e526e18",
    "https://deno.land/x/k8s@1.26.4/openapi.ts": "1266c3dbdb1e1a2bc29afbc4c80e1784b544ad9e29560d02f80f9d954ed8303a",
    "https://deno.land/x/openapi_client@3.0.1/client.ts": "12022dfa954e5012dfa1728d58e89c8f330b9233228505385803036e52ce5df6",
    "https://deno.land/x/openapi_client@3.0.1/index.ts": "218b8f0d1cff4cc7b22abdbe960504d8e956b5fb022282e9cf89894dfc5df89f",
    "https://deno.land/x/openapi_client@3.0.1/types.ts": "d6d8cdbf9b3934a7c5b94c4944cbed683826b769e951f92dd09e8dd966155ab7",
    "https://esm.sh/ajv-formats@2.1.1?pin=v106": "096563d90b0267a804023ed74e8175350460aab921ac6d5e2c95999e6ced0e2d",
    "https://esm.sh/ajv@8.12.0?pin=v106": "5fe459db106a95b8757a346c4a7d55ce842d0e3719c2affc26d53b12289039d1",
    "https://esm.sh/v106/ajv-formats@2.1.1/deno/ajv-formats.mjs": "b353aee84f8cf8d39bb893b4505002aefae7cfb43de3acff48a02d94a1fd6701",
    "https://esm.sh/v106/ajv-formats@2.1.1/dist/formats.d.ts": "cef709e74e80f14f7d9dd0d7c10f07f5d52e16f77f584d9f487ae0da9a448c88",
    "https://esm.sh/v106/ajv-formats@2.1.1/dist/index.d.ts": "41d64a2669171702b35d1829d3b24bb115ba6ddcacc72a6e94faebdfeb6f21a7",
    "https://esm.sh/v106/ajv-formats@2.1.1/dist/limit.d.ts": "9b0e545480dbcd39c0af5e0dd8978a83ec532a7c894feb2f6cf7f20841a9a0a4",
    "https://esm.sh/v106/ajv@8.12.0/deno/ajv.mjs": "57587665f0cf57897ce9dc5ade386abc87298f82c894d2c640398fe2148bdb0a",
    "https://esm.sh/v106/ajv@8.12.0/deno/dist/compile/codegen.js": "7603720640bb4de7474118cba2e4ba76970f2c376624de92004f8070fc648aec",
    "https://esm.sh/v106/ajv@8.12.0/deno/dist/compile/codegen/code.js": "4d8cb3c17b1f9e088c954ee9d8d70aceaab7b82c4f07783ae693cccea5348089",
    "https://esm.sh/v106/ajv@8.12.0/deno/dist/compile/codegen/scope.js": "9eeb6d3ef2ecc5135a5bdcbf84b5c61cfa3cffb11e19b749977658ed24cd093f",
    "https://esm.sh/v106/fast-deep-equal@3.1.3/deno/fast-deep-equal.mjs": "64f660f95839c8707928b30f235061c623f279ba4ad4b4e739c767e84478e446",
    "https://esm.sh/v106/json-schema-traverse@1.0.0/deno/json-schema-traverse.mjs": "8efd283bc9e47460b1629905d2666102312334a073cd3ebbff19bc4ac88a0341",
    "https://esm.sh/v106/uri-js@4.4.1/deno/uri-js.mjs": "7b886b08ee81e016ce2f4d4c9e4e9759cf2c4a5d0539c4e6da14b3364312a95a",
    "https://raw.githubusercontent.com/shopstic/typebox/0.23.3/src/typebox.ts": "262a7c504d57e11e9462a7a46b867ae6a726641083eadceab7c31fc68d4c113a"
  }
}
